
Microsoft Visual Studio Solution File, Format Version 12.00
# Visual Studio Version 17
VisualStudioVersion = 17.13.35919.96
MinimumVisualStudioVersion = 10.0.40219.1
Project("{2150E333-8FDC-42A3-9474-1A3956D46DE8}") = "src", "src", "{02EA681E-C7D8-13C7-8484-4AC65E1B71E8}"
EndProject
Project("{2150E333-8FDC-42A3-9474-1A3956D46DE8}") = "Gateways", "Gateways", "{2945160D-A667-4ED8-90CA-B601009985D6}"
EndProject
Project("{2150E333-8FDC-42A3-9474-1A3956D46DE8}") = "Microservices", "Microservices", "{32BA9901-7170-4283-A1F6-1503B008FA4F}"
EndProject
Project("{2150E333-8FDC-42A3-9474-1A3956D46DE8}") = "Tests", "Tests", "{6E011383-6545-4FF7-8A26-ADD956885068}"
EndProject
Project("{2150E333-8FDC-42A3-9474-1A3956D46DE8}") = "Fontends", "Fontends", "{C8B79C18-2661-4040-A820-C93454124C40}"
EndProject
Project("{2150E333-8FDC-42A3-9474-1A3956D46DE8}") = "Frameworks", "Frameworks", "{EC7DAD16-F6CE-4E93-8EA7-358634ED1EBB}"
EndProject
Project("{2150E333-8FDC-42A3-9474-1A3956D46DE8}") = "DBScript", "DBScript", "{00D46342-5AA9-4F03-A2F2-DB4847901C58}"
	ProjectSection(SolutionItems) = preProject
		TodoListDB.sql = TodoListDB.sql
	EndProjectSection
EndProject
Project("{FAE04EC0-301F-11D3-BF4B-00C04F79EFBC}") = "TodoList.WebApi", "src\Microservices\TodoList.WebApi\TodoList.WebApi.csproj", "{AC587E9F-7F7A-4B9B-A484-EB0B03FDA945}"
EndProject
Project("{FAE04EC0-301F-11D3-BF4B-00C04F79EFBC}") = "TodoList.Application", "src\Frameworks\TodoList.Application\TodoList.Application.csproj", "{E5F1AFAF-1B45-419D-A93E-7C25F81CEDBA}"
EndProject
Project("{FAE04EC0-301F-11D3-BF4B-00C04F79EFBC}") = "TodoList.Domain", "src\Frameworks\TodoList.Domain\TodoList.Domain.csproj", "{6FD45197-EC0F-457F-8DEB-346769014E4A}"
EndProject
Project("{FAE04EC0-301F-11D3-BF4B-00C04F79EFBC}") = "TodoList.Infrastructure", "src\Frameworks\TodoList.Infrastructure\TodoList.Infrastructure.csproj", "{842519E2-9466-48E3-8331-82780663172D}"
EndProject
Project("{2150E333-8FDC-42A3-9474-1A3956D46DE8}") = "Microservices", "Microservices", "{7D23A111-D948-4E71-A6AA-5473D073F833}"
EndProject
Project("{2150E333-8FDC-42A3-9474-1A3956D46DE8}") = "Frameworks", "Frameworks", "{78EF7035-2A9F-405E-889A-3B891FACC942}"
EndProject
Project("{FAE04EC0-301F-11D3-BF4B-00C04F79EFBC}") = "TodoList.Infrastructure.Tests", "src\Tests\Frameworks\TodoList.Infrastructure.Tests\TodoList.Infrastructure.Tests.csproj", "{7A96B50B-86B3-4C34-BC84-18DBFBD4478A}"
EndProject
Project("{FAE04EC0-301F-11D3-BF4B-00C04F79EFBC}") = "TodoList.Application.Tests", "src\Tests\Frameworks\TodoList.Application.Tests\TodoList.Application.Tests.csproj", "{89ADE451-163A-438C-BC94-D110483D3ECB}"
EndProject
Project("{FAE04EC0-301F-11D3-BF4B-00C04F79EFBC}") = "TodoList.WebApi.Tests", "src\Tests\Microservices\TodoList.WebApi\TodoList.WebApi.Tests.csproj", "{180EE81C-2DBE-410D-9DD7-CC634DD3F7E6}"
EndProject
Project("{FAE04EC0-301F-11D3-BF4B-00C04F79EFBC}") = "TodoList.Gateway.WebApi", "src\Gateways\TodoList.Gateway.WebApi\TodoList.Gateway.WebApi.csproj", "{8E96269C-6AA2-4D62-9DF5-5EF99C368018}"
EndProject
Project("{2150E333-8FDC-42A3-9474-1A3956D46DE8}") = "Gateways", "Gateways", "{9E5C0FA1-65D2-4D26-83D9-37FBA05A15B2}"
EndProject
Project("{FAE04EC0-301F-11D3-BF4B-00C04F79EFBC}") = "TodoList.Gateway.WebApi.Tests", "src\Tests\Gateways\TodoList.Gateway.WebApi.Tests\TodoList.Gateway.WebApi.Tests.csproj", "{01D87DF2-3B8C-410E-87F6-4017DB634075}"
EndProject
Project("{FAE04EC0-301F-11D3-BF4B-00C04F79EFBC}") = "TodoList.ReactJS", "src\Frontends\TodoList.ReactJS\TodoList.ReactJS.csproj", "{B536A401-45CF-37AA-D564-5183753EA28A}"
EndProject
Global
	GlobalSection(SolutionConfigurationPlatforms) = preSolution
		Debug|Any CPU = Debug|Any CPU
		Release|Any CPU = Release|Any CPU
	EndGlobalSection
	GlobalSection(ProjectConfigurationPlatforms) = postSolution
		{AC587E9F-7F7A-4B9B-A484-EB0B03FDA945}.Debug|Any CPU.ActiveCfg = Debug|Any CPU
		{AC587E9F-7F7A-4B9B-A484-EB0B03FDA945}.Debug|Any CPU.Build.0 = Debug|Any CPU
		{AC587E9F-7F7A-4B9B-A484-EB0B03FDA945}.Release|Any CPU.ActiveCfg = Release|Any CPU
		{AC587E9F-7F7A-4B9B-A484-EB0B03FDA945}.Release|Any CPU.Build.0 = Release|Any CPU
		{E5F1AFAF-1B45-419D-A93E-7C25F81CEDBA}.Debug|Any CPU.ActiveCfg = Debug|Any CPU
		{E5F1AFAF-1B45-419D-A93E-7C25F81CEDBA}.Debug|Any CPU.Build.0 = Debug|Any CPU
		{E5F1AFAF-1B45-419D-A93E-7C25F81CEDBA}.Release|Any CPU.ActiveCfg = Release|Any CPU
		{E5F1AFAF-1B45-419D-A93E-7C25F81CEDBA}.Release|Any CPU.Build.0 = Release|Any CPU
		{6FD45197-EC0F-457F-8DEB-346769014E4A}.Debug|Any CPU.ActiveCfg = Debug|Any CPU
		{6FD45197-EC0F-457F-8DEB-346769014E4A}.Debug|Any CPU.Build.0 = Debug|Any CPU
		{6FD45197-EC0F-457F-8DEB-346769014E4A}.Release|Any CPU.ActiveCfg = Release|Any CPU
		{6FD45197-EC0F-457F-8DEB-346769014E4A}.Release|Any CPU.Build.0 = Release|Any CPU
		{842519E2-9466-48E3-8331-82780663172D}.Debug|Any CPU.ActiveCfg = Debug|Any CPU
		{842519E2-9466-48E3-8331-82780663172D}.Debug|Any CPU.Build.0 = Debug|Any CPU
		{842519E2-9466-48E3-8331-82780663172D}.Release|Any CPU.ActiveCfg = Release|Any CPU
		{842519E2-9466-48E3-8331-82780663172D}.Release|Any CPU.Build.0 = Release|Any CPU
		{7A96B50B-86B3-4C34-BC84-18DBFBD4478A}.Debug|Any CPU.ActiveCfg = Debug|Any CPU
		{7A96B50B-86B3-4C34-BC84-18DBFBD4478A}.Debug|Any CPU.Build.0 = Debug|Any CPU
		{7A96B50B-86B3-4C34-BC84-18DBFBD4478A}.Release|Any CPU.ActiveCfg = Release|Any CPU
		{7A96B50B-86B3-4C34-BC84-18DBFBD4478A}.Release|Any CPU.Build.0 = Release|Any CPU
		{89ADE451-163A-438C-BC94-D110483D3ECB}.Debug|Any CPU.ActiveCfg = Debug|Any CPU
		{89ADE451-163A-438C-BC94-D110483D3ECB}.Debug|Any CPU.Build.0 = Debug|Any CPU
		{89ADE451-163A-438C-BC94-D110483D3ECB}.Release|Any CPU.ActiveCfg = Release|Any CPU
		{89ADE451-163A-438C-BC94-D110483D3ECB}.Release|Any CPU.Build.0 = Release|Any CPU
		{180EE81C-2DBE-410D-9DD7-CC634DD3F7E6}.Debug|Any CPU.ActiveCfg = Debug|Any CPU
		{180EE81C-2DBE-410D-9DD7-CC634DD3F7E6}.Debug|Any CPU.Build.0 = Debug|Any CPU
		{180EE81C-2DBE-410D-9DD7-CC634DD3F7E6}.Release|Any CPU.ActiveCfg = Release|Any CPU
		{180EE81C-2DBE-410D-9DD7-CC634DD3F7E6}.Release|Any CPU.Build.0 = Release|Any CPU
		{8E96269C-6AA2-4D62-9DF5-5EF99C368018}.Debug|Any CPU.ActiveCfg = Debug|Any CPU
		{8E96269C-6AA2-4D62-9DF5-5EF99C368018}.Debug|Any CPU.Build.0 = Debug|Any CPU
		{8E96269C-6AA2-4D62-9DF5-5EF99C368018}.Release|Any CPU.ActiveCfg = Release|Any CPU
		{8E96269C-6AA2-4D62-9DF5-5EF99C368018}.Release|Any CPU.Build.0 = Release|Any CPU
		{01D87DF2-3B8C-410E-87F6-4017DB634075}.Debug|Any CPU.ActiveCfg = Debug|Any CPU
		{01D87DF2-3B8C-410E-87F6-4017DB634075}.Debug|Any CPU.Build.0 = Debug|Any CPU
		{01D87DF2-3B8C-410E-87F6-4017DB634075}.Release|Any CPU.ActiveCfg = Release|Any CPU
		{01D87DF2-3B8C-410E-87F6-4017DB634075}.Release|Any CPU.Build.0 = Release|Any CPU
		{B536A401-45CF-37AA-D564-5183753EA28A}.Debug|Any CPU.ActiveCfg = Debug|Any CPU
		{B536A401-45CF-37AA-D564-5183753EA28A}.Debug|Any CPU.Build.0 = Debug|Any CPU
		{B536A401-45CF-37AA-D564-5183753EA28A}.Release|Any CPU.ActiveCfg = Release|Any CPU
		{B536A401-45CF-37AA-D564-5183753EA28A}.Release|Any CPU.Build.0 = Release|Any CPU
	EndGlobalSection
	GlobalSection(SolutionProperties) = preSolution
		HideSolutionNode = FALSE
	EndGlobalSection
	GlobalSection(NestedProjects) = preSolution
		{2945160D-A667-4ED8-90CA-B601009985D6} = {02EA681E-C7D8-13C7-8484-4AC65E1B71E8}
		{32BA9901-7170-4283-A1F6-1503B008FA4F} = {02EA681E-C7D8-13C7-8484-4AC65E1B71E8}
		{6E011383-6545-4FF7-8A26-ADD956885068} = {02EA681E-C7D8-13C7-8484-4AC65E1B71E8}
		{C8B79C18-2661-4040-A820-C93454124C40} = {02EA681E-C7D8-13C7-8484-4AC65E1B71E8}
		{EC7DAD16-F6CE-4E93-8EA7-358634ED1EBB} = {02EA681E-C7D8-13C7-8484-4AC65E1B71E8}
		{00D46342-5AA9-4F03-A2F2-DB4847901C58} = {02EA681E-C7D8-13C7-8484-4AC65E1B71E8}
		{AC587E9F-7F7A-4B9B-A484-EB0B03FDA945} = {32BA9901-7170-4283-A1F6-1503B008FA4F}
		{E5F1AFAF-1B45-419D-A93E-7C25F81CEDBA} = {EC7DAD16-F6CE-4E93-8EA7-358634ED1EBB}
		{6FD45197-EC0F-457F-8DEB-346769014E4A} = {EC7DAD16-F6CE-4E93-8EA7-358634ED1EBB}
		{842519E2-9466-48E3-8331-82780663172D} = {EC7DAD16-F6CE-4E93-8EA7-358634ED1EBB}
		{7D23A111-D948-4E71-A6AA-5473D073F833} = {6E011383-6545-4FF7-8A26-ADD956885068}
		{78EF7035-2A9F-405E-889A-3B891FACC942} = {6E011383-6545-4FF7-8A26-ADD956885068}
		{7A96B50B-86B3-4C34-BC84-18DBFBD4478A} = {78EF7035-2A9F-405E-889A-3B891FACC942}
		{89ADE451-163A-438C-BC94-D110483D3ECB} = {78EF7035-2A9F-405E-889A-3B891FACC942}
		{180EE81C-2DBE-410D-9DD7-CC634DD3F7E6} = {7D23A111-D948-4E71-A6AA-5473D073F833}
		{8E96269C-6AA2-4D62-9DF5-5EF99C368018} = {2945160D-A667-4ED8-90CA-B601009985D6}
		{9E5C0FA1-65D2-4D26-83D9-37FBA05A15B2} = {6E011383-6545-4FF7-8A26-ADD956885068}
		{01D87DF2-3B8C-410E-87F6-4017DB634075} = {9E5C0FA1-65D2-4D26-83D9-37FBA05A15B2}
		{B536A401-45CF-37AA-D564-5183753EA28A} = {C8B79C18-2661-4040-A820-C93454124C40}
	EndGlobalSection
	GlobalSection(ExtensibilityGlobals) = postSolution
		SolutionGuid = {9C6D036A-23F4-4511-9C66-D1D36B584A0D}
	EndGlobalSection
EndGlobal
